{
  "name": "CO_MountainLion_II.lythium",
  "version": "0.0.1",
  "lockfileVersion": 1,
  "requires": true,
  "dependencies": {
    "grad-factions": {
      "version": "2.2.0",
      "resolved": "https://registry.npmjs.org/grad-factions/-/grad-factions-2.2.0.tgz",
      "integrity": "sha512-05JlFYbUVdg6pCcxyIhcVoVjNkGi+ToFsh7tOR9z3H8I/7WfZNIAgFzT2Cmp3WEk77+UbZqQykPgdoLdqSSUBw==",
      "requires": {
        "grad-loadout": "4.8.0"
      }
    },
    "grad-loadout": {
      "version": "4.8.0",
      "resolved": "https://registry.npmjs.org/grad-loadout/-/grad-loadout-4.8.0.tgz",
      "integrity": "sha512-Ti0P9HHWhaW2pPmjQF9aFt29QLPTldrtNtH0u/oT0T9hsDDS6kJ4NxakvjcKgFPV7SV5kMbAVrbT04UnZlNnoQ=="
    }
  }
}
